
Microsoft Visual Studio Solution File, Format Version 12.00
# Visual Studio 15
VisualStudioVersion = 15.0.27703.2026
MinimumVisualStudioVersion = 10.0.40219.1
Project("{FAE04EC0-301F-11D3-BF4B-00C04F79EFBC}") = "Bontecou.Model", "Bontecou.Model\Bontecou.Model.csproj", "{04C8194C-CB7F-4CCD-87CD-F89D432BF16B}"
EndProject
Project("{FAE04EC0-301F-11D3-BF4B-00C04F79EFBC}") = "Bontecou.Harness", "Bontecou.Harness\Bontecou.Harness.csproj", "{09D4EDE0-C570-40D0-A660-5A503FF5FE96}"
EndProject
Project("{FAE04EC0-301F-11D3-BF4B-00C04F79EFBC}") = "Bontecou.Tests", "Bontecou.Tests\Bontecou.Tests.csproj", "{50E71F39-4C48-484E-AB66-FAADF6B0250F}"
EndProject
Global
	GlobalSection(SolutionConfigurationPlatforms) = preSolution
		Debug|Any CPU = Debug|Any CPU
		Release|Any CPU = Release|Any CPU
	EndGlobalSection
	GlobalSection(ProjectConfigurationPlatforms) = postSolution
		{04C8194C-CB7F-4CCD-87CD-F89D432BF16B}.Debug|Any CPU.ActiveCfg = Debug|Any CPU
		{04C8194C-CB7F-4CCD-87CD-F89D432BF16B}.Debug|Any CPU.Build.0 = Debug|Any CPU
		{04C8194C-CB7F-4CCD-87CD-F89D432BF16B}.Release|Any CPU.ActiveCfg = Release|Any CPU
		{04C8194C-CB7F-4CCD-87CD-F89D432BF16B}.Release|Any CPU.Build.0 = Release|Any CPU
		{09D4EDE0-C570-40D0-A660-5A503FF5FE96}.Debug|Any CPU.ActiveCfg = Debug|Any CPU
		{09D4EDE0-C570-40D0-A660-5A503FF5FE96}.Debug|Any CPU.Build.0 = Debug|Any CPU
		{09D4EDE0-C570-40D0-A660-5A503FF5FE96}.Release|Any CPU.ActiveCfg = Release|Any CPU
		{09D4EDE0-C570-40D0-A660-5A503FF5FE96}.Release|Any CPU.Build.0 = Release|Any CPU
		{50E71F39-4C48-484E-AB66-FAADF6B0250F}.Debug|Any CPU.ActiveCfg = Debug|Any CPU
		{50E71F39-4C48-484E-AB66-FAADF6B0250F}.Debug|Any CPU.Build.0 = Debug|Any CPU
		{50E71F39-4C48-484E-AB66-FAADF6B0250F}.Release|Any CPU.ActiveCfg = Release|Any CPU
		{50E71F39-4C48-484E-AB66-FAADF6B0250F}.Release|Any CPU.Build.0 = Release|Any CPU
	EndGlobalSection
	GlobalSection(SolutionProperties) = preSolution
		HideSolutionNode = FALSE
	EndGlobalSection
	GlobalSection(ExtensibilityGlobals) = postSolution
		SolutionGuid = {537167B4-6A6A-4DFA-A890-DD5088E394E2}
	EndGlobalSection
EndGlobal
